
Microsoft Visual Studio Solution File, Format Version 12.00
# Visual Studio Version 17
VisualStudioVersion = 17.8.34330.188
MinimumVisualStudioVersion = 10.0.40219.1
Project("{8BC9CEB8-8B4A-11D0-8D11-00A0C91BC942}") = "WinSockKenelShell", "WinSockKenelShell.vcxproj", "{9D9AB78B-0F97-44DC-B004-0B0BFB262501}"
EndProject
Global
	GlobalSection(SolutionConfigurationPlatforms) = preSolution
		Debug|ARM64 = Debug|ARM64
		Debug|x64 = Debug|x64
		Release|ARM64 = Release|ARM64
		Release|x64 = Release|x64
	EndGlobalSection
	GlobalSection(ProjectConfigurationPlatforms) = postSolution
		{9D9AB78B-0F97-44DC-B004-0B0BFB262501}.Debug|ARM64.ActiveCfg = Debug|ARM64
		{9D9AB78B-0F97-44DC-B004-0B0BFB262501}.Debug|ARM64.Build.0 = Debug|ARM64
		{9D9AB78B-0F97-44DC-B004-0B0BFB262501}.Debug|ARM64.Deploy.0 = Debug|ARM64
		{9D9AB78B-0F97-44DC-B004-0B0BFB262501}.Debug|x64.ActiveCfg = Debug|x64
		{9D9AB78B-0F97-44DC-B004-0B0BFB262501}.Debug|x64.Build.0 = Debug|x64
		{9D9AB78B-0F97-44DC-B004-0B0BFB262501}.Debug|x64.Deploy.0 = Debug|x64
		{9D9AB78B-0F97-44DC-B004-0B0BFB262501}.Release|ARM64.ActiveCfg = Release|ARM64
		{9D9AB78B-0F97-44DC-B004-0B0BFB262501}.Release|ARM64.Build.0 = Release|ARM64
		{9D9AB78B-0F97-44DC-B004-0B0BFB262501}.Release|ARM64.Deploy.0 = Release|ARM64
		{9D9AB78B-0F97-44DC-B004-0B0BFB262501}.Release|x64.ActiveCfg = Release|x64
		{9D9AB78B-0F97-44DC-B004-0B0BFB262501}.Release|x64.Build.0 = Release|x64
		{9D9AB78B-0F97-44DC-B004-0B0BFB262501}.Release|x64.Deploy.0 = Release|x64
	EndGlobalSection
	GlobalSection(SolutionProperties) = preSolution
		HideSolutionNode = FALSE
	EndGlobalSection
	GlobalSection(ExtensibilityGlobals) = postSolution
		SolutionGuid = {45489FB5-92E1-47E9-BDEA-6B3D21F4BBE1}
	EndGlobalSection
EndGlobal
