<?xml version="1.0" encoding="utf-8"?>
<Project ToolsVersion="4.0" xmlns="http://schemas.microsoft.com/developer/msbuild/2003">
  <ItemGroup>
    <Filter Include="Source Files">
      <UniqueIdentifier>{4FC737F1-C7A5-4376-A066-2A32D752A2FF}</UniqueIdentifier>
      <Extensions>cpp;c;cc;cxx;def;odl;idl;hpj;bat;asm;asmx</Extensions>
    </Filter>
    <Filter Include="Header Files">
      <UniqueIdentifier>{93995380-89BD-4b04-88EB-625FBE52EBFB}</UniqueIdentifier>
      <Extensions>h;hpp;hxx;hm;inl;inc;xsd</Extensions>
    </Filter>
    <Filter Include="Resource Files">
      <UniqueIdentifier>{67DA6AB6-F800-4c08-8B7A-83BB121AAD01}</UniqueIdentifier>
      <Extensions>rc;ico;cur;bmp;dlg;rc2;rct;bin;rgs;gif;jpg;jpeg;jpe;resx;tiff;tif;png;wav;mfcribbon-ms</Extensions>
    </Filter>
    <Filter Include="Driver Files">
      <UniqueIdentifier>{8E41214B-6785-4CFE-B992-037D68949A14}</UniqueIdentifier>
      <Extensions>inf;inv;inx;mof;mc;</Extensions>
    </Filter>
    <Filter Include="Source Files\src">
      <UniqueIdentifier>{afdc8548-c5fd-477b-9f62-99d7f24f0dd5}</UniqueIdentifier>
    </Filter>
    <Filter Include="Header Files\inc">
      <UniqueIdentifier>{1bc4400a-0c10-4ee4-a51f-778e9652e814}</UniqueIdentifier>
    </Filter>
    <Filter Include="Source Files\TEST">
      <UniqueIdentifier>{69191465-ec68-45db-84c7-27c029e6ce48}</UniqueIdentifier>
    </Filter>
    <Filter Include="Source Files\try">
      <UniqueIdentifier>{7ad94f46-12eb-432c-bfed-5b568cf6a2b3}</UniqueIdentifier>
    </Filter>
  </ItemGroup>
  <ItemGroup>
    <ClCompile Include="src\sockets.cpp">
      <Filter>Source Files\src</Filter>
    </ClCompile>
    <ClCompile Include="src\utils.cpp">
      <Filter>Source Files\src</Filter>
    </ClCompile>
    <ClCompile Include="TEST\sourcs.cpp">
      <Filter>Source Files\TEST</Filter>
    </ClCompile>
    <ClCompile Include="src\WinShell.cpp">
      <Filter>Source Files\src</Filter>
    </ClCompile>
    <ClCompile Include="try_catch\cpp_support.cpp">
      <Filter>Source Files\try</Filter>
    </ClCompile>
    <ClCompile Include="try_catch\exc_common.cpp">
      <Filter>Source Files\try</Filter>
    </ClCompile>
    <ClCompile Include="try_catch\exc_dispatch.cpp">
      <Filter>Source Files\try</Filter>
    </ClCompile>
    <ClCompile Include="try_catch\fh4.cpp">
      <Filter>Source Files\try</Filter>
    </ClCompile>
    <ClCompile Include="try_catch\tlsf.c">
      <Filter>Source Files\try</Filter>
    </ClCompile>
    <ClCompile Include="try_catch\type_info.cpp">
      <Filter>Source Files\try</Filter>
    </ClCompile>
    <ClCompile Include="try_catch\common.cpp">
      <Filter>Source Files\try</Filter>
    </ClCompile>
  </ItemGroup>
  <ItemGroup>
    <ClInclude Include="inc\sockets.h">
      <Filter>Header Files\inc</Filter>
    </ClInclude>
    <ClInclude Include="inc\utils.h">
      <Filter>Header Files\inc</Filter>
    </ClInclude>
    <ClInclude Include="inc\WinShell.h">
      <Filter>Header Files\inc</Filter>
    </ClInclude>
    <ClInclude Include="try_catch\common.hpp">
      <Filter>Source Files\try</Filter>
    </ClInclude>
    <ClInclude Include="try_catch\cpp_support.hpp">
      <Filter>Source Files\try</Filter>
    </ClInclude>
    <ClInclude Include="try_catch\delete_constructors.hpp">
      <Filter>Source Files\try</Filter>
    </ClInclude>
    <ClInclude Include="try_catch\exc_common.hpp">
      <Filter>Source Files\try</Filter>
    </ClInclude>
    <ClInclude Include="try_catch\globals.hpp">
      <Filter>Source Files\try</Filter>
    </ClInclude>
    <ClInclude Include="try_catch\memory_manager.hpp">
      <Filter>Source Files\try</Filter>
    </ClInclude>
    <ClInclude Include="try_catch\tlsf.h">
      <Filter>Source Files\try</Filter>
    </ClInclude>
    <ClInclude Include="try_catch\type_info.hpp">
      <Filter>Source Files\try</Filter>
    </ClInclude>
  </ItemGroup>
  <ItemGroup>
    <MASM Include="try_catch\throw_exception.asm">
      <Filter>Source Files\try</Filter>
    </MASM>
  </ItemGroup>
</Project>